
Microsoft Visual Studio Solution File, Format Version 12.00
Project("{F2A71F9B-5D33-465A-A702-920D77279786}") = "lox", "lox\lox.fsproj", "{85D9D832-1B0D-43D4-BEC0-792A19B01E44}"
EndProject
Global
	GlobalSection(SolutionConfigurationPlatforms) = preSolution
		Debug|Any CPU = Debug|Any CPU
		Release|Any CPU = Release|Any CPU
	EndGlobalSection
	GlobalSection(ProjectConfigurationPlatforms) = postSolution
		{85D9D832-1B0D-43D4-BEC0-792A19B01E44}.Debug|Any CPU.ActiveCfg = Debug|Any CPU
		{85D9D832-1B0D-43D4-BEC0-792A19B01E44}.Debug|Any CPU.Build.0 = Debug|Any CPU
		{85D9D832-1B0D-43D4-BEC0-792A19B01E44}.Release|Any CPU.ActiveCfg = Release|Any CPU
		{85D9D832-1B0D-43D4-BEC0-792A19B01E44}.Release|Any CPU.Build.0 = Release|Any CPU
	EndGlobalSection
EndGlobal
